{
  "name": "FlashFakePlayerPack",
  "lockfileVersion": 2,
  "requires": true,
  "packages": {
    "": {
      "dependencies": {
        "@minecraft/server": "^1.4.0-beta.1.20.10-stable",
        "@minecraft/server-gametest": "^1.0.0-beta.1.20.10-preview.21"
      }
    },
    "node_modules/@minecraft/server": {
      "version": "1.4.0-beta.1.20.10-stable",
      "resolved": "https://registry.npmjs.org/@minecraft/server/-/server-1.4.0-beta.1.20.10-stable.tgz",
      "integrity": "sha512-GFxR3rc83fLG4G1QV51D6a7V1EylomZrUMO1oUNINhkMpNBe2ACA9CBpLpkixxg0Y3aDpUnTkuhjQpoMnekPSA=="
    },
    "node_modules/@minecraft/server-gametest": {
      "version": "1.0.0-beta.1.20.10-preview.21",
      "resolved": "https://registry.npmjs.org/@minecraft/server-gametest/-/server-gametest-1.0.0-beta.1.20.10-preview.21.tgz",
      "integrity": "sha512-B+qX4X2ucavEBVkIrcPU8EynDb5MUSpjqyYVSgXaqAr+9l9G+SF3tDJ6qlEfZoeA3jVJoUi0WHHRTT8wz1XEHg==",
      "dependencies": {
        "@minecraft/server": "1.4.0-beta.1.20.10-preview.21"
      }
    },
    "node_modules/@minecraft/server-gametest/node_modules/@minecraft/server": {
      "version": "1.4.0-beta.1.20.10-preview.21",
      "resolved": "https://registry.npmjs.org/@minecraft/server/-/server-1.4.0-beta.1.20.10-preview.21.tgz",
      "integrity": "sha512-ujhsa/ercjy5ifdU3zBZXIyBUP+r9+DlWaWp6+tM71zXkPivISS/E5HbL/n0fMDZ32Aad1AaWDX6WOdCzlhn/Q=="
    }
  },
  "dependencies": {
    "@minecraft/server": {
      "version": "1.4.0-beta.1.20.10-stable",
      "resolved": "https://registry.npmjs.org/@minecraft/server/-/server-1.4.0-beta.1.20.10-stable.tgz",
      "integrity": "sha512-GFxR3rc83fLG4G1QV51D6a7V1EylomZrUMO1oUNINhkMpNBe2ACA9CBpLpkixxg0Y3aDpUnTkuhjQpoMnekPSA=="
    },
    "@minecraft/server-gametest": {
      "version": "1.0.0-beta.1.20.10-preview.21",
      "resolved": "https://registry.npmjs.org/@minecraft/server-gametest/-/server-gametest-1.0.0-beta.1.20.10-preview.21.tgz",
      "integrity": "sha512-B+qX4X2ucavEBVkIrcPU8EynDb5MUSpjqyYVSgXaqAr+9l9G+SF3tDJ6qlEfZoeA3jVJoUi0WHHRTT8wz1XEHg==",
      "requires": {
        "@minecraft/server": "1.4.0-beta.1.20.10-preview.21"
      },
      "dependencies": {
        "@minecraft/server": {
          "version": "1.4.0-beta.1.20.10-preview.21",
          "resolved": "https://registry.npmjs.org/@minecraft/server/-/server-1.4.0-beta.1.20.10-preview.21.tgz",
          "integrity": "sha512-ujhsa/ercjy5ifdU3zBZXIyBUP+r9+DlWaWp6+tM71zXkPivISS/E5HbL/n0fMDZ32Aad1AaWDX6WOdCzlhn/Q=="
        }
      }
    }
  }
}
