{
  "name": "FUCKfakePl(4)",
  "lockfileVersion": 2,
  "requires": true,
  "packages": {
    "": {
      "dependencies": {
        "@minecraft/server": "^1.1.0-beta.1.19.60-stable",
        "@minecraft/server-gametest": "^1.0.0-beta.1.19.60-preview.24",
        "@minecraft/server-net": "^1.0.0-beta.11940b24",
        "@minecraft/server-ui": "^1.0.0-beta.11940b24"
      }
    },
    "node_modules/@minecraft/server": {
      "version": "1.1.0-beta.1.19.60-stable",
      "resolved": "https://registry.npmjs.org/@minecraft/server/-/server-1.1.0-beta.1.19.60-stable.tgz",
      "integrity": "sha512-o7koQPeyX/R+MUdgexYMIfoZtdkWgr51s+e1f7gR2EqomTUu8/J/8N3sDEWIdeMU2zM5MzWaezCJK0+rEUpZTg=="
    },
    "node_modules/@minecraft/server-admin": {
      "version": "1.0.0-beta.11940b24",
      "resolved": "https://registry.npmmirror.com/@minecraft/server-admin/-/server-admin-1.0.0-beta.11940b24.tgz",
      "integrity": "sha512-UZ8YyB8mvF31f22+uM67gJums9d6NDgz9AQ2l4a++EHUP9uen0m3aaBaqM9RyumJpRBJbv/hslAKOyeDT01qew=="
    },
    "node_modules/@minecraft/server-gametest": {
      "version": "1.0.0-beta.1.19.60-preview.24",
      "resolved": "https://registry.npmjs.org/@minecraft/server-gametest/-/server-gametest-1.0.0-beta.1.19.60-preview.24.tgz",
      "integrity": "sha512-yXeh42CmJ7NHZHT1+olYB6KwqPx1xhMRkSzKr/4+/DEBNivJdyfUvJANx5boTAN1kcNp3+OnAyWFo6XApPlbvg==",
      "dependencies": {
        "@minecraft/server": "1.1.0-beta.1.19.60-preview.24"
      }
    },
    "node_modules/@minecraft/server-gametest/node_modules/@minecraft/server": {
      "version": "1.1.0-beta.1.19.60-preview.24",
      "resolved": "https://registry.npmjs.org/@minecraft/server/-/server-1.1.0-beta.1.19.60-preview.24.tgz",
      "integrity": "sha512-DTrMQ19J2jFvdtHedvbDuwWeDC3hbz+4fmOqGUTzGmsOGF4BzXwE51pNuP9ZOX+ebShHomhoxHP2CwAmNuDGxg=="
    },
    "node_modules/@minecraft/server-net": {
      "version": "1.0.0-beta.11940b24",
      "resolved": "https://registry.npmmirror.com/@minecraft/server-net/-/server-net-1.0.0-beta.11940b24.tgz",
      "integrity": "sha512-jiL03mGNpADCfvPDyydheEAhdi7J++nx5nB7Gyu3GImDlV5pv9uTwKCrnmILrLs4qJTtxhuRLKBKRlVyYDpKMw==",
      "dependencies": {
        "@minecraft/server-admin": "1.0.0-beta.11940b24"
      }
    },
    "node_modules/@minecraft/server-ui": {
      "version": "1.0.0-beta.11940b24",
      "resolved": "https://registry.npmjs.org/@minecraft/server-ui/-/server-ui-1.0.0-beta.11940b24.tgz",
      "integrity": "sha512-/E4FKC5Wv5ALExzfT0L45xyawQGAwlRn9W5cs5GmvaTMVwndAcWF39oAcsQcsn/hKEpMzuVFsSIao/pm00+Cgg==",
      "dependencies": {
        "@minecraft/server": "1.0.0-beta.11940b24"
      }
    },
    "node_modules/@minecraft/server-ui/node_modules/@minecraft/server": {
      "version": "1.0.0-beta.11940b24",
      "resolved": "https://registry.npmjs.org/@minecraft/server/-/server-1.0.0-beta.11940b24.tgz",
      "integrity": "sha512-1d5hXQ/g+kWvpoWiQ/IInxTeOxM6RECQ2+l3bR4AmmZ58NRq4pPYevaEvhVs06yKeM/3FmSPVqBu1/Lr6gN1Rg=="
    }
  },
  "dependencies": {
    "@minecraft/server": {
      "version": "1.1.0-beta.1.19.60-stable",
      "resolved": "https://registry.npmjs.org/@minecraft/server/-/server-1.1.0-beta.1.19.60-stable.tgz",
      "integrity": "sha512-o7koQPeyX/R+MUdgexYMIfoZtdkWgr51s+e1f7gR2EqomTUu8/J/8N3sDEWIdeMU2zM5MzWaezCJK0+rEUpZTg=="
    },
    "@minecraft/server-admin": {
      "version": "1.0.0-beta.11940b24",
      "resolved": "https://registry.npmmirror.com/@minecraft/server-admin/-/server-admin-1.0.0-beta.11940b24.tgz",
      "integrity": "sha512-UZ8YyB8mvF31f22+uM67gJums9d6NDgz9AQ2l4a++EHUP9uen0m3aaBaqM9RyumJpRBJbv/hslAKOyeDT01qew=="
    },
    "@minecraft/server-gametest": {
      "version": "1.0.0-beta.1.19.60-preview.24",
      "resolved": "https://registry.npmjs.org/@minecraft/server-gametest/-/server-gametest-1.0.0-beta.1.19.60-preview.24.tgz",
      "integrity": "sha512-yXeh42CmJ7NHZHT1+olYB6KwqPx1xhMRkSzKr/4+/DEBNivJdyfUvJANx5boTAN1kcNp3+OnAyWFo6XApPlbvg==",
      "requires": {
        "@minecraft/server": "1.1.0-beta.1.19.60-preview.24"
      },
      "dependencies": {
        "@minecraft/server": {
          "version": "1.1.0-beta.1.19.60-preview.24",
          "resolved": "https://registry.npmjs.org/@minecraft/server/-/server-1.1.0-beta.1.19.60-preview.24.tgz",
          "integrity": "sha512-DTrMQ19J2jFvdtHedvbDuwWeDC3hbz+4fmOqGUTzGmsOGF4BzXwE51pNuP9ZOX+ebShHomhoxHP2CwAmNuDGxg=="
        }
      }
    },
    "@minecraft/server-net": {
      "version": "1.0.0-beta.11940b24",
      "resolved": "https://registry.npmmirror.com/@minecraft/server-net/-/server-net-1.0.0-beta.11940b24.tgz",
      "integrity": "sha512-jiL03mGNpADCfvPDyydheEAhdi7J++nx5nB7Gyu3GImDlV5pv9uTwKCrnmILrLs4qJTtxhuRLKBKRlVyYDpKMw==",
      "requires": {
        "@minecraft/server-admin": "1.0.0-beta.11940b24"
      }
    },
    "@minecraft/server-ui": {
      "version": "1.0.0-beta.11940b24",
      "resolved": "https://registry.npmjs.org/@minecraft/server-ui/-/server-ui-1.0.0-beta.11940b24.tgz",
      "integrity": "sha512-/E4FKC5Wv5ALExzfT0L45xyawQGAwlRn9W5cs5GmvaTMVwndAcWF39oAcsQcsn/hKEpMzuVFsSIao/pm00+Cgg==",
      "requires": {
        "@minecraft/server": "1.0.0-beta.11940b24"
      },
      "dependencies": {
        "@minecraft/server": {
          "version": "1.0.0-beta.11940b24",
          "resolved": "https://registry.npmjs.org/@minecraft/server/-/server-1.0.0-beta.11940b24.tgz",
          "integrity": "sha512-1d5hXQ/g+kWvpoWiQ/IInxTeOxM6RECQ2+l3bR4AmmZ58NRq4pPYevaEvhVs06yKeM/3FmSPVqBu1/Lr6gN1Rg=="
        }
      }
    }
  }
}
